
Microsoft Visual Studio Solution File, Format Version 12.00
# Visual Studio 2013
VisualStudioVersion = 12.0.21005.1
MinimumVisualStudioVersion = 10.0.40219.1
Project("{FAE04EC0-301F-11D3-BF4B-00C04F79EFBC}") = "1.Shapes", "EncapsulationAndPolymorphism\1.Shapes.csproj", "{F31DA683-5C16-4B0C-B8A2-4C650A8265EC}"
EndProject
Project("{FAE04EC0-301F-11D3-BF4B-00C04F79EFBC}") = "2.BankOfKurtovoKonare", "2.BankOfKurtovoKonare\2.BankOfKurtovoKonare.csproj", "{48B4DC8B-EE56-4E28-A9A9-272D174C42B5}"
EndProject
Global
	GlobalSection(SolutionConfigurationPlatforms) = preSolution
		Debug|Any CPU = Debug|Any CPU
		Release|Any CPU = Release|Any CPU
	EndGlobalSection
	GlobalSection(ProjectConfigurationPlatforms) = postSolution
		{F31DA683-5C16-4B0C-B8A2-4C650A8265EC}.Debug|Any CPU.ActiveCfg = Debug|Any CPU
		{F31DA683-5C16-4B0C-B8A2-4C650A8265EC}.Debug|Any CPU.Build.0 = Debug|Any CPU
		{F31DA683-5C16-4B0C-B8A2-4C650A8265EC}.Release|Any CPU.ActiveCfg = Release|Any CPU
		{F31DA683-5C16-4B0C-B8A2-4C650A8265EC}.Release|Any CPU.Build.0 = Release|Any CPU
		{48B4DC8B-EE56-4E28-A9A9-272D174C42B5}.Debug|Any CPU.ActiveCfg = Debug|Any CPU
		{48B4DC8B-EE56-4E28-A9A9-272D174C42B5}.Debug|Any CPU.Build.0 = Debug|Any CPU
		{48B4DC8B-EE56-4E28-A9A9-272D174C42B5}.Release|Any CPU.ActiveCfg = Release|Any CPU
		{48B4DC8B-EE56-4E28-A9A9-272D174C42B5}.Release|Any CPU.Build.0 = Release|Any CPU
	EndGlobalSection
	GlobalSection(SolutionProperties) = preSolution
		HideSolutionNode = FALSE
	EndGlobalSection
EndGlobal
