
Microsoft Visual Studio Solution File, Format Version 12.00
# Visual Studio 2013
VisualStudioVersion = 12.0.21005.1
MinimumVisualStudioVersion = 10.0.40219.1
Project("{FAE04EC0-301F-11D3-BF4B-00C04F79EFBC}") = "1.CustomLINQExtensionMethods", "DelegatesAndEvents\1.CustomLINQExtensionMethods.csproj", "{E7F23690-8F2D-40EC-8965-3FA5EE8D1B90}"
EndProject
Project("{FAE04EC0-301F-11D3-BF4B-00C04F79EFBC}") = "2.InterestCalculator", "2.InterestCalculator\2.InterestCalculator.csproj", "{7228B9C6-2F61-47C2-92CE-0B64F2914BAE}"
EndProject
Project("{FAE04EC0-301F-11D3-BF4B-00C04F79EFBC}") = "3.AsynchronousTimer", "3.AsynchronousTimer\3.AsynchronousTimer.csproj", "{EBDA7A18-4866-4902-AAE4-EA322CF63C83}"
EndProject
Project("{FAE04EC0-301F-11D3-BF4B-00C04F79EFBC}") = "4.StudentClass", "4.StudentClass\4.StudentClass.csproj", "{598700FB-670B-484F-8C10-B1D612527E7A}"
EndProject
Global
	GlobalSection(SolutionConfigurationPlatforms) = preSolution
		Debug|Any CPU = Debug|Any CPU
		Release|Any CPU = Release|Any CPU
	EndGlobalSection
	GlobalSection(ProjectConfigurationPlatforms) = postSolution
		{E7F23690-8F2D-40EC-8965-3FA5EE8D1B90}.Debug|Any CPU.ActiveCfg = Debug|Any CPU
		{E7F23690-8F2D-40EC-8965-3FA5EE8D1B90}.Debug|Any CPU.Build.0 = Debug|Any CPU
		{E7F23690-8F2D-40EC-8965-3FA5EE8D1B90}.Release|Any CPU.ActiveCfg = Release|Any CPU
		{E7F23690-8F2D-40EC-8965-3FA5EE8D1B90}.Release|Any CPU.Build.0 = Release|Any CPU
		{7228B9C6-2F61-47C2-92CE-0B64F2914BAE}.Debug|Any CPU.ActiveCfg = Debug|Any CPU
		{7228B9C6-2F61-47C2-92CE-0B64F2914BAE}.Debug|Any CPU.Build.0 = Debug|Any CPU
		{7228B9C6-2F61-47C2-92CE-0B64F2914BAE}.Release|Any CPU.ActiveCfg = Release|Any CPU
		{7228B9C6-2F61-47C2-92CE-0B64F2914BAE}.Release|Any CPU.Build.0 = Release|Any CPU
		{EBDA7A18-4866-4902-AAE4-EA322CF63C83}.Debug|Any CPU.ActiveCfg = Debug|Any CPU
		{EBDA7A18-4866-4902-AAE4-EA322CF63C83}.Debug|Any CPU.Build.0 = Debug|Any CPU
		{EBDA7A18-4866-4902-AAE4-EA322CF63C83}.Release|Any CPU.ActiveCfg = Release|Any CPU
		{EBDA7A18-4866-4902-AAE4-EA322CF63C83}.Release|Any CPU.Build.0 = Release|Any CPU
		{598700FB-670B-484F-8C10-B1D612527E7A}.Debug|Any CPU.ActiveCfg = Debug|Any CPU
		{598700FB-670B-484F-8C10-B1D612527E7A}.Debug|Any CPU.Build.0 = Debug|Any CPU
		{598700FB-670B-484F-8C10-B1D612527E7A}.Release|Any CPU.ActiveCfg = Release|Any CPU
		{598700FB-670B-484F-8C10-B1D612527E7A}.Release|Any CPU.Build.0 = Release|Any CPU
	EndGlobalSection
	GlobalSection(SolutionProperties) = preSolution
		HideSolutionNode = FALSE
	EndGlobalSection
EndGlobal
